
Microsoft Visual Studio Solution File, Format Version 12.00
# Visual Studio Version 16
VisualStudioVersion = 16.0.30320.27
MinimumVisualStudioVersion = 10.0.40219.1
Project("{2150E333-8FDC-42A3-9474-1A3956D46DE8}") = "1. Constructora.Presentacion", "1. Constructora.Presentacion", "{DAD79145-4607-46D0-88D8-0A623BDAB61A}"
EndProject
Project("{2150E333-8FDC-42A3-9474-1A3956D46DE8}") = "1.1. Constructora.Presentacion.Web", "1.1. Constructora.Presentacion.Web", "{ED1B0E11-E304-4850-9B96-9C9D69863629}"
EndProject
Project("{9A19103F-16F7-4668-BE54-9A1E7A4F7556}") = "Constructora.Presentacion.Web", "Constructora.Presentacion.Web\Constructora.Presentacion.Web.csproj", "{664226F9-6DD9-4BBB-A1E3-1AD6FBA1EA90}"
EndProject
Project("{2150E333-8FDC-42A3-9474-1A3956D46DE8}") = "Solution Items", "Solution Items", "{93D7E40C-170E-4265-80BC-31F4A8EEDF23}"
	ProjectSection(SolutionItems) = preProject
		.editorconfig = .editorconfig
	EndProjectSection
EndProject
Global
	GlobalSection(SolutionConfigurationPlatforms) = preSolution
		Debug|Any CPU = Debug|Any CPU
		Release|Any CPU = Release|Any CPU
	EndGlobalSection
	GlobalSection(ProjectConfigurationPlatforms) = postSolution
		{664226F9-6DD9-4BBB-A1E3-1AD6FBA1EA90}.Debug|Any CPU.ActiveCfg = Debug|Any CPU
		{664226F9-6DD9-4BBB-A1E3-1AD6FBA1EA90}.Debug|Any CPU.Build.0 = Debug|Any CPU
		{664226F9-6DD9-4BBB-A1E3-1AD6FBA1EA90}.Release|Any CPU.ActiveCfg = Release|Any CPU
		{664226F9-6DD9-4BBB-A1E3-1AD6FBA1EA90}.Release|Any CPU.Build.0 = Release|Any CPU
	EndGlobalSection
	GlobalSection(SolutionProperties) = preSolution
		HideSolutionNode = FALSE
	EndGlobalSection
	GlobalSection(NestedProjects) = preSolution
		{ED1B0E11-E304-4850-9B96-9C9D69863629} = {DAD79145-4607-46D0-88D8-0A623BDAB61A}
		{664226F9-6DD9-4BBB-A1E3-1AD6FBA1EA90} = {ED1B0E11-E304-4850-9B96-9C9D69863629}
	EndGlobalSection
	GlobalSection(ExtensibilityGlobals) = postSolution
		SolutionGuid = {AD107D95-4CA9-44DE-8EFC-39CFA0B6B93B}
	EndGlobalSection
EndGlobal
